
Microsoft Visual Studio Solution File, Format Version 12.00
# Visual Studio Version 17
VisualStudioVersion = 17.3.32825.248
MinimumVisualStudioVersion = 10.0.40219.1
Project("{9092AA53-FB77-4645-B42D-1CCCA6BD08BD}") = "Letter", "Letter.njsproj", "{D5F53634-D1D1-4360-A83F-BAA1C47595A2}"
EndProject
Global
	GlobalSection(SolutionConfigurationPlatforms) = preSolution
		Debug|Any CPU = Debug|Any CPU
		Release|Any CPU = Release|Any CPU
	EndGlobalSection
	GlobalSection(ProjectConfigurationPlatforms) = postSolution
		{D5F53634-D1D1-4360-A83F-BAA1C47595A2}.Debug|Any CPU.ActiveCfg = Debug|Any CPU
		{D5F53634-D1D1-4360-A83F-BAA1C47595A2}.Debug|Any CPU.Build.0 = Debug|Any CPU
		{D5F53634-D1D1-4360-A83F-BAA1C47595A2}.Release|Any CPU.ActiveCfg = Release|Any CPU
		{D5F53634-D1D1-4360-A83F-BAA1C47595A2}.Release|Any CPU.Build.0 = Release|Any CPU
	EndGlobalSection
	GlobalSection(SolutionProperties) = preSolution
		HideSolutionNode = FALSE
	EndGlobalSection
	GlobalSection(ExtensibilityGlobals) = postSolution
		SolutionGuid = {D8F10DF8-4290-4AAF-85D6-775E698E279C}
	EndGlobalSection
EndGlobal
